Microsoft Visual Studio Solution File, Format Version 12.00
# Visual Studio 2012
Project("{FAE04EC0-301F-11D3-BF4B-00C04F79EFBC}") = "DND tracker", "DND tracker.csproj", "{8CB99F92-9614-4147-B0B7-75BE3A8BFCE9}"
EndProject
Global
	GlobalSection(SolutionConfigurationPlatforms) = preSolution
	Debug|Any CPU = Debug|Any CPU
	ExportDebug|Any CPU = ExportDebug|Any CPU
	ExportRelease|Any CPU = ExportRelease|Any CPU
	EndGlobalSection
	GlobalSection(ProjectConfigurationPlatforms) = postSolution
		{8CB99F92-9614-4147-B0B7-75BE3A8BFCE9}.Debug|Any CPU.ActiveCfg = Debug|Any CPU
		{8CB99F92-9614-4147-B0B7-75BE3A8BFCE9}.Debug|Any CPU.Build.0 = Debug|Any CPU
		{8CB99F92-9614-4147-B0B7-75BE3A8BFCE9}.ExportDebug|Any CPU.ActiveCfg = ExportDebug|Any CPU
		{8CB99F92-9614-4147-B0B7-75BE3A8BFCE9}.ExportDebug|Any CPU.Build.0 = ExportDebug|Any CPU
		{8CB99F92-9614-4147-B0B7-75BE3A8BFCE9}.ExportRelease|Any CPU.ActiveCfg = ExportRelease|Any CPU
		{8CB99F92-9614-4147-B0B7-75BE3A8BFCE9}.ExportRelease|Any CPU.Build.0 = ExportRelease|Any CPU
	EndGlobalSection
EndGlobal
